
Microsoft Visual Studio Solution File, Format Version 12.00
# Visual Studio 15
VisualStudioVersion = 15.0.27130.2036
MinimumVisualStudioVersion = 10.0.40219.1
Project("{8BC9CEB8-8B4A-11D0-8D11-00A0C91BC942}") = "Module 2 Unit 2", "Module 2 Unit 2\Module 2 Unit 2.vcxproj", "{A3CA9ABB-B9A8-448B-9FC5-E7BBAFC67A71}"
EndProject
Project("{8BC9CEB8-8B4A-11D0-8D11-00A0C91BC942}") = "Module 2 Unit 3", "Module 2 Unit 3\Module 2 Unit 3.vcxproj", "{5594D50E-F925-4795-831F-E160231F2717}"
EndProject
Project("{8BC9CEB8-8B4A-11D0-8D11-00A0C91BC942}") = "Module 2 Unit 5", "Module 2 Unit 5\Module 2 Unit 5.vcxproj", "{031ACC27-E7AB-46E7-909E-CE2B4BBE7F2D}"
EndProject
Project("{8BC9CEB8-8B4A-11D0-8D11-00A0C91BC942}") = "Module 3 Unit 1", "Module 3 Unit 1\Module 3 Unit 1.vcxproj", "{CF58694E-413B-470E-8F40-99D566AA961B}"
EndProject
Project("{8BC9CEB8-8B4A-11D0-8D11-00A0C91BC942}") = "Module 3 Unit 2", "Module 3 Unit 2\Module 3 Unit 2.vcxproj", "{0DF1E315-4D61-48D4-B9E2-C13BA01BF7F5}"
EndProject
Project("{8BC9CEB8-8B4A-11D0-8D11-00A0C91BC942}") = "Module 4 Unit 1", "Module 4 Unit 1\Module 4 Unit 1.vcxproj", "{82FDA4FC-FF1D-4F30-98C0-A07F0872B0F9}"
EndProject
Project("{8BC9CEB8-8B4A-11D0-8D11-00A0C91BC942}") = "Module 4 Unit 2", "Module 4 Unit 2\Module 4 Unit 2.vcxproj", "{E1067242-2BEA-48A7-8C1D-0E8017BA38AE}"
EndProject
Project("{8BC9CEB8-8B4A-11D0-8D11-00A0C91BC942}") = "Module 5 Unit 1", "Module 5 Unit 1\Module 5 Unit 1.vcxproj", "{6FDF96AE-9021-4BD8-8845-7C87D6555839}"
EndProject
Project("{8BC9CEB8-8B4A-11D0-8D11-00A0C91BC942}") = "Module 5 Unit 2", "Module 5 Unit 2\Module 5 Unit 2.vcxproj", "{7236ADB5-A504-475A-B8FC-27596B050010}"
EndProject
Project("{8BC9CEB8-8B4A-11D0-8D11-00A0C91BC942}") = "Module 6 Unit 1 - Arrays", "Module 5 Unit 3\Module 5 Unit 3.vcxproj", "{4A0F0F71-91A9-43E6-AE3F-3CA76FF0F6E4}"
EndProject
Project("{8BC9CEB8-8B4A-11D0-8D11-00A0C91BC942}") = "Module 6 Unit 2 - Vectors", "Module 5 Unit 4\Module 5 Unit 4.vcxproj", "{4045DE0A-BF39-4129-89FD-D9BF55D9F1F4}"
EndProject
Project("{8BC9CEB8-8B4A-11D0-8D11-00A0C91BC942}") = "Module 6 Unit 3 - More on Collections", "Module 5 Unit 5\Module 5 Unit 5.vcxproj", "{39522969-6166-4B82-BDC7-C5FA0C9C3F0F}"
EndProject
Project("{8BC9CEB8-8B4A-11D0-8D11-00A0C91BC942}") = "Module 7 Unit 2 - Template Functions", "Module 7 Unit 2\Module 7 Unit 2.vcxproj", "{8BDC1888-65A4-4771-A3BB-C72EFD7E85C6}"
EndProject
Project("{8BC9CEB8-8B4A-11D0-8D11-00A0C91BC942}") = "Module 8 - OOP", "Module 8 Unit 2\Module 8 Unit 2.vcxproj", "{93C7A770-A51F-4103-8D1B-08D8398861B5}"
EndProject
Project("{8BC9CEB8-8B4A-11D0-8D11-00A0C91BC942}") = "Day 1 - 01 Heap vs Stack", "Day1\Day1.vcxproj", "{EE5891E4-E398-4AA6-B3EF-305ABAC25686}"
EndProject
Project("{8BC9CEB8-8B4A-11D0-8D11-00A0C91BC942}") = "Day 1 - 02 RValues", "Day 1 RValues\Day 1 RValues.vcxproj", "{38C2229B-D89B-465C-B0C1-118FE121A714}"
EndProject
Project("{8BC9CEB8-8B4A-11D0-8D11-00A0C91BC942}") = "Day 1 - 04 Pointers to Objects", "Day 1 - 04 Pointers to Objects\Day 1 - 04 Pointers to Objects.vcxproj", "{E4664129-6FD7-45C1-A18D-157C0B7B60D7}"
EndProject
Project("{8BC9CEB8-8B4A-11D0-8D11-00A0C91BC942}") = "Day 1 and 2 - Temperature", "Day 1 and 2 - A class\Day 1 and 2 - A class.vcxproj", "{FA340982-0D26-4DA0-8664-209A6F0E830D}"
EndProject
Project("{8BC9CEB8-8B4A-11D0-8D11-00A0C91BC942}") = "Day 2 - Inheritance", "Day 2 - Inheritance\Day 2 - Inheritance.vcxproj", "{E9F8F14E-CAB7-4181-9C9A-D041E9673CFC}"
EndProject
Project("{8BC9CEB8-8B4A-11D0-8D11-00A0C91BC942}") = "Day 2 - Move", "Day 2 - Move\Day 2 - Move.vcxproj", "{2B0E1956-A4B4-423B-85D1-B3268FC76496}"
EndProject
Project("{8BC9CEB8-8B4A-11D0-8D11-00A0C91BC942}") = "Day 2 - Smart Pointers", "Day 2 - Smart Pointers\Day 2 - Smart Pointers.vcxproj", "{E20B2A54-3D6E-46C6-8952-228E07C41424}"
EndProject
Project("{8BC9CEB8-8B4A-11D0-8D11-00A0C91BC942}") = "Day 2 - Lambda", "Day 2 - Lambda\Day 2 - Lambda.vcxproj", "{1764A01A-DA99-432A-81B6-51B24CFB46B5}"
EndProject
Project("{8BC9CEB8-8B4A-11D0-8D11-00A0C91BC942}") = "Temperature Test", "Temperature Test\Temperature Test.vcxproj", "{97C66F7E-9576-4787-9BB6-FF921C22F8AE}"
EndProject
Global
	GlobalSection(SolutionConfigurationPlatforms) = preSolution
		Debug|x64 = Debug|x64
		Debug|x86 = Debug|x86
		Release|x64 = Release|x64
		Release|x86 = Release|x86
	EndGlobalSection
	GlobalSection(ProjectConfigurationPlatforms) = postSolution
		{A3CA9ABB-B9A8-448B-9FC5-E7BBAFC67A71}.Debug|x64.ActiveCfg = Debug|x64
		{A3CA9ABB-B9A8-448B-9FC5-E7BBAFC67A71}.Debug|x64.Build.0 = Debug|x64
		{A3CA9ABB-B9A8-448B-9FC5-E7BBAFC67A71}.Debug|x86.ActiveCfg = Debug|Win32
		{A3CA9ABB-B9A8-448B-9FC5-E7BBAFC67A71}.Debug|x86.Build.0 = Debug|Win32
		{A3CA9ABB-B9A8-448B-9FC5-E7BBAFC67A71}.Release|x64.ActiveCfg = Release|x64
		{A3CA9ABB-B9A8-448B-9FC5-E7BBAFC67A71}.Release|x64.Build.0 = Release|x64
		{A3CA9ABB-B9A8-448B-9FC5-E7BBAFC67A71}.Release|x86.ActiveCfg = Release|Win32
		{A3CA9ABB-B9A8-448B-9FC5-E7BBAFC67A71}.Release|x86.Build.0 = Release|Win32
		{5594D50E-F925-4795-831F-E160231F2717}.Debug|x64.ActiveCfg = Debug|x64
		{5594D50E-F925-4795-831F-E160231F2717}.Debug|x64.Build.0 = Debug|x64
		{5594D50E-F925-4795-831F-E160231F2717}.Debug|x86.ActiveCfg = Debug|Win32
		{5594D50E-F925-4795-831F-E160231F2717}.Debug|x86.Build.0 = Debug|Win32
		{5594D50E-F925-4795-831F-E160231F2717}.Release|x64.ActiveCfg = Release|x64
		{5594D50E-F925-4795-831F-E160231F2717}.Release|x64.Build.0 = Release|x64
		{5594D50E-F925-4795-831F-E160231F2717}.Release|x86.ActiveCfg = Release|Win32
		{5594D50E-F925-4795-831F-E160231F2717}.Release|x86.Build.0 = Release|Win32
		{031ACC27-E7AB-46E7-909E-CE2B4BBE7F2D}.Debug|x64.ActiveCfg = Debug|x64
		{031ACC27-E7AB-46E7-909E-CE2B4BBE7F2D}.Debug|x64.Build.0 = Debug|x64
		{031ACC27-E7AB-46E7-909E-CE2B4BBE7F2D}.Debug|x86.ActiveCfg = Debug|Win32
		{031ACC27-E7AB-46E7-909E-CE2B4BBE7F2D}.Debug|x86.Build.0 = Debug|Win32
		{031ACC27-E7AB-46E7-909E-CE2B4BBE7F2D}.Release|x64.ActiveCfg = Release|x64
		{031ACC27-E7AB-46E7-909E-CE2B4BBE7F2D}.Release|x64.Build.0 = Release|x64
		{031ACC27-E7AB-46E7-909E-CE2B4BBE7F2D}.Release|x86.ActiveCfg = Release|Win32
		{031ACC27-E7AB-46E7-909E-CE2B4BBE7F2D}.Release|x86.Build.0 = Release|Win32
		{CF58694E-413B-470E-8F40-99D566AA961B}.Debug|x64.ActiveCfg = Debug|x64
		{CF58694E-413B-470E-8F40-99D566AA961B}.Debug|x64.Build.0 = Debug|x64
		{CF58694E-413B-470E-8F40-99D566AA961B}.Debug|x86.ActiveCfg = Debug|Win32
		{CF58694E-413B-470E-8F40-99D566AA961B}.Debug|x86.Build.0 = Debug|Win32
		{CF58694E-413B-470E-8F40-99D566AA961B}.Release|x64.ActiveCfg = Release|x64
		{CF58694E-413B-470E-8F40-99D566AA961B}.Release|x64.Build.0 = Release|x64
		{CF58694E-413B-470E-8F40-99D566AA961B}.Release|x86.ActiveCfg = Release|Win32
		{CF58694E-413B-470E-8F40-99D566AA961B}.Release|x86.Build.0 = Release|Win32
		{0DF1E315-4D61-48D4-B9E2-C13BA01BF7F5}.Debug|x64.ActiveCfg = Debug|x64
		{0DF1E315-4D61-48D4-B9E2-C13BA01BF7F5}.Debug|x64.Build.0 = Debug|x64
		{0DF1E315-4D61-48D4-B9E2-C13BA01BF7F5}.Debug|x86.ActiveCfg = Debug|Win32
		{0DF1E315-4D61-48D4-B9E2-C13BA01BF7F5}.Debug|x86.Build.0 = Debug|Win32
		{0DF1E315-4D61-48D4-B9E2-C13BA01BF7F5}.Release|x64.ActiveCfg = Release|x64
		{0DF1E315-4D61-48D4-B9E2-C13BA01BF7F5}.Release|x64.Build.0 = Release|x64
		{0DF1E315-4D61-48D4-B9E2-C13BA01BF7F5}.Release|x86.ActiveCfg = Release|Win32
		{0DF1E315-4D61-48D4-B9E2-C13BA01BF7F5}.Release|x86.Build.0 = Release|Win32
		{82FDA4FC-FF1D-4F30-98C0-A07F0872B0F9}.Debug|x64.ActiveCfg = Debug|x64
		{82FDA4FC-FF1D-4F30-98C0-A07F0872B0F9}.Debug|x64.Build.0 = Debug|x64
		{82FDA4FC-FF1D-4F30-98C0-A07F0872B0F9}.Debug|x86.ActiveCfg = Debug|Win32
		{82FDA4FC-FF1D-4F30-98C0-A07F0872B0F9}.Debug|x86.Build.0 = Debug|Win32
		{82FDA4FC-FF1D-4F30-98C0-A07F0872B0F9}.Release|x64.ActiveCfg = Release|x64
		{82FDA4FC-FF1D-4F30-98C0-A07F0872B0F9}.Release|x64.Build.0 = Release|x64
		{82FDA4FC-FF1D-4F30-98C0-A07F0872B0F9}.Release|x86.ActiveCfg = Release|Win32
		{82FDA4FC-FF1D-4F30-98C0-A07F0872B0F9}.Release|x86.Build.0 = Release|Win32
		{E1067242-2BEA-48A7-8C1D-0E8017BA38AE}.Debug|x64.ActiveCfg = Debug|x64
		{E1067242-2BEA-48A7-8C1D-0E8017BA38AE}.Debug|x64.Build.0 = Debug|x64
		{E1067242-2BEA-48A7-8C1D-0E8017BA38AE}.Debug|x86.ActiveCfg = Debug|Win32
		{E1067242-2BEA-48A7-8C1D-0E8017BA38AE}.Debug|x86.Build.0 = Debug|Win32
		{E1067242-2BEA-48A7-8C1D-0E8017BA38AE}.Release|x64.ActiveCfg = Release|x64
		{E1067242-2BEA-48A7-8C1D-0E8017BA38AE}.Release|x64.Build.0 = Release|x64
		{E1067242-2BEA-48A7-8C1D-0E8017BA38AE}.Release|x86.ActiveCfg = Release|Win32
		{E1067242-2BEA-48A7-8C1D-0E8017BA38AE}.Release|x86.Build.0 = Release|Win32
		{6FDF96AE-9021-4BD8-8845-7C87D6555839}.Debug|x64.ActiveCfg = Debug|x64
		{6FDF96AE-9021-4BD8-8845-7C87D6555839}.Debug|x64.Build.0 = Debug|x64
		{6FDF96AE-9021-4BD8-8845-7C87D6555839}.Debug|x86.ActiveCfg = Debug|Win32
		{6FDF96AE-9021-4BD8-8845-7C87D6555839}.Debug|x86.Build.0 = Debug|Win32
		{6FDF96AE-9021-4BD8-8845-7C87D6555839}.Release|x64.ActiveCfg = Release|x64
		{6FDF96AE-9021-4BD8-8845-7C87D6555839}.Release|x64.Build.0 = Release|x64
		{6FDF96AE-9021-4BD8-8845-7C87D6555839}.Release|x86.ActiveCfg = Release|Win32
		{6FDF96AE-9021-4BD8-8845-7C87D6555839}.Release|x86.Build.0 = Release|Win32
		{7236ADB5-A504-475A-B8FC-27596B050010}.Debug|x64.ActiveCfg = Debug|x64
		{7236ADB5-A504-475A-B8FC-27596B050010}.Debug|x64.Build.0 = Debug|x64
		{7236ADB5-A504-475A-B8FC-27596B050010}.Debug|x86.ActiveCfg = Debug|Win32
		{7236ADB5-A504-475A-B8FC-27596B050010}.Debug|x86.Build.0 = Debug|Win32
		{7236ADB5-A504-475A-B8FC-27596B050010}.Release|x64.ActiveCfg = Release|x64
		{7236ADB5-A504-475A-B8FC-27596B050010}.Release|x64.Build.0 = Release|x64
		{7236ADB5-A504-475A-B8FC-27596B050010}.Release|x86.ActiveCfg = Release|Win32
		{7236ADB5-A504-475A-B8FC-27596B050010}.Release|x86.Build.0 = Release|Win32
		{4A0F0F71-91A9-43E6-AE3F-3CA76FF0F6E4}.Debug|x64.ActiveCfg = Debug|x64
		{4A0F0F71-91A9-43E6-AE3F-3CA76FF0F6E4}.Debug|x64.Build.0 = Debug|x64
		{4A0F0F71-91A9-43E6-AE3F-3CA76FF0F6E4}.Debug|x86.ActiveCfg = Debug|Win32
		{4A0F0F71-91A9-43E6-AE3F-3CA76FF0F6E4}.Debug|x86.Build.0 = Debug|Win32
		{4A0F0F71-91A9-43E6-AE3F-3CA76FF0F6E4}.Release|x64.ActiveCfg = Release|x64
		{4A0F0F71-91A9-43E6-AE3F-3CA76FF0F6E4}.Release|x64.Build.0 = Release|x64
		{4A0F0F71-91A9-43E6-AE3F-3CA76FF0F6E4}.Release|x86.ActiveCfg = Release|Win32
		{4A0F0F71-91A9-43E6-AE3F-3CA76FF0F6E4}.Release|x86.Build.0 = Release|Win32
		{4045DE0A-BF39-4129-89FD-D9BF55D9F1F4}.Debug|x64.ActiveCfg = Debug|x64
		{4045DE0A-BF39-4129-89FD-D9BF55D9F1F4}.Debug|x64.Build.0 = Debug|x64
		{4045DE0A-BF39-4129-89FD-D9BF55D9F1F4}.Debug|x86.ActiveCfg = Debug|Win32
		{4045DE0A-BF39-4129-89FD-D9BF55D9F1F4}.Debug|x86.Build.0 = Debug|Win32
		{4045DE0A-BF39-4129-89FD-D9BF55D9F1F4}.Release|x64.ActiveCfg = Release|x64
		{4045DE0A-BF39-4129-89FD-D9BF55D9F1F4}.Release|x64.Build.0 = Release|x64
		{4045DE0A-BF39-4129-89FD-D9BF55D9F1F4}.Release|x86.ActiveCfg = Release|Win32
		{4045DE0A-BF39-4129-89FD-D9BF55D9F1F4}.Release|x86.Build.0 = Release|Win32
		{39522969-6166-4B82-BDC7-C5FA0C9C3F0F}.Debug|x64.ActiveCfg = Debug|x64
		{39522969-6166-4B82-BDC7-C5FA0C9C3F0F}.Debug|x64.Build.0 = Debug|x64
		{39522969-6166-4B82-BDC7-C5FA0C9C3F0F}.Debug|x86.ActiveCfg = Debug|Win32
		{39522969-6166-4B82-BDC7-C5FA0C9C3F0F}.Debug|x86.Build.0 = Debug|Win32
		{39522969-6166-4B82-BDC7-C5FA0C9C3F0F}.Release|x64.ActiveCfg = Release|x64
		{39522969-6166-4B82-BDC7-C5FA0C9C3F0F}.Release|x64.Build.0 = Release|x64
		{39522969-6166-4B82-BDC7-C5FA0C9C3F0F}.Release|x86.ActiveCfg = Release|Win32
		{39522969-6166-4B82-BDC7-C5FA0C9C3F0F}.Release|x86.Build.0 = Release|Win32
		{8BDC1888-65A4-4771-A3BB-C72EFD7E85C6}.Debug|x64.ActiveCfg = Debug|x64
		{8BDC1888-65A4-4771-A3BB-C72EFD7E85C6}.Debug|x64.Build.0 = Debug|x64
		{8BDC1888-65A4-4771-A3BB-C72EFD7E85C6}.Debug|x86.ActiveCfg = Debug|Win32
		{8BDC1888-65A4-4771-A3BB-C72EFD7E85C6}.Debug|x86.Build.0 = Debug|Win32
		{8BDC1888-65A4-4771-A3BB-C72EFD7E85C6}.Release|x64.ActiveCfg = Release|x64
		{8BDC1888-65A4-4771-A3BB-C72EFD7E85C6}.Release|x64.Build.0 = Release|x64
		{8BDC1888-65A4-4771-A3BB-C72EFD7E85C6}.Release|x86.ActiveCfg = Release|Win32
		{8BDC1888-65A4-4771-A3BB-C72EFD7E85C6}.Release|x86.Build.0 = Release|Win32
		{93C7A770-A51F-4103-8D1B-08D8398861B5}.Debug|x64.ActiveCfg = Debug|x64
		{93C7A770-A51F-4103-8D1B-08D8398861B5}.Debug|x64.Build.0 = Debug|x64
		{93C7A770-A51F-4103-8D1B-08D8398861B5}.Debug|x86.ActiveCfg = Debug|Win32
		{93C7A770-A51F-4103-8D1B-08D8398861B5}.Debug|x86.Build.0 = Debug|Win32
		{93C7A770-A51F-4103-8D1B-08D8398861B5}.Release|x64.ActiveCfg = Release|x64
		{93C7A770-A51F-4103-8D1B-08D8398861B5}.Release|x64.Build.0 = Release|x64
		{93C7A770-A51F-4103-8D1B-08D8398861B5}.Release|x86.ActiveCfg = Release|Win32
		{93C7A770-A51F-4103-8D1B-08D8398861B5}.Release|x86.Build.0 = Release|Win32
		{EE5891E4-E398-4AA6-B3EF-305ABAC25686}.Debug|x64.ActiveCfg = Debug|x64
		{EE5891E4-E398-4AA6-B3EF-305ABAC25686}.Debug|x64.Build.0 = Debug|x64
		{EE5891E4-E398-4AA6-B3EF-305ABAC25686}.Debug|x86.ActiveCfg = Debug|Win32
		{EE5891E4-E398-4AA6-B3EF-305ABAC25686}.Debug|x86.Build.0 = Debug|Win32
		{EE5891E4-E398-4AA6-B3EF-305ABAC25686}.Release|x64.ActiveCfg = Release|x64
		{EE5891E4-E398-4AA6-B3EF-305ABAC25686}.Release|x64.Build.0 = Release|x64
		{EE5891E4-E398-4AA6-B3EF-305ABAC25686}.Release|x86.ActiveCfg = Release|Win32
		{EE5891E4-E398-4AA6-B3EF-305ABAC25686}.Release|x86.Build.0 = Release|Win32
		{38C2229B-D89B-465C-B0C1-118FE121A714}.Debug|x64.ActiveCfg = Debug|x64
		{38C2229B-D89B-465C-B0C1-118FE121A714}.Debug|x64.Build.0 = Debug|x64
		{38C2229B-D89B-465C-B0C1-118FE121A714}.Debug|x86.ActiveCfg = Debug|Win32
		{38C2229B-D89B-465C-B0C1-118FE121A714}.Debug|x86.Build.0 = Debug|Win32
		{38C2229B-D89B-465C-B0C1-118FE121A714}.Release|x64.ActiveCfg = Release|x64
		{38C2229B-D89B-465C-B0C1-118FE121A714}.Release|x64.Build.0 = Release|x64
		{38C2229B-D89B-465C-B0C1-118FE121A714}.Release|x86.ActiveCfg = Release|Win32
		{38C2229B-D89B-465C-B0C1-118FE121A714}.Release|x86.Build.0 = Release|Win32
		{E4664129-6FD7-45C1-A18D-157C0B7B60D7}.Debug|x64.ActiveCfg = Debug|x64
		{E4664129-6FD7-45C1-A18D-157C0B7B60D7}.Debug|x64.Build.0 = Debug|x64
		{E4664129-6FD7-45C1-A18D-157C0B7B60D7}.Debug|x86.ActiveCfg = Debug|Win32
		{E4664129-6FD7-45C1-A18D-157C0B7B60D7}.Debug|x86.Build.0 = Debug|Win32
		{E4664129-6FD7-45C1-A18D-157C0B7B60D7}.Release|x64.ActiveCfg = Release|x64
		{E4664129-6FD7-45C1-A18D-157C0B7B60D7}.Release|x64.Build.0 = Release|x64
		{E4664129-6FD7-45C1-A18D-157C0B7B60D7}.Release|x86.ActiveCfg = Release|Win32
		{E4664129-6FD7-45C1-A18D-157C0B7B60D7}.Release|x86.Build.0 = Release|Win32
		{FA340982-0D26-4DA0-8664-209A6F0E830D}.Debug|x64.ActiveCfg = Debug|x64
		{FA340982-0D26-4DA0-8664-209A6F0E830D}.Debug|x64.Build.0 = Debug|x64
		{FA340982-0D26-4DA0-8664-209A6F0E830D}.Debug|x86.ActiveCfg = Debug|Win32
		{FA340982-0D26-4DA0-8664-209A6F0E830D}.Debug|x86.Build.0 = Debug|Win32
		{FA340982-0D26-4DA0-8664-209A6F0E830D}.Release|x64.ActiveCfg = Release|x64
		{FA340982-0D26-4DA0-8664-209A6F0E830D}.Release|x64.Build.0 = Release|x64
		{FA340982-0D26-4DA0-8664-209A6F0E830D}.Release|x86.ActiveCfg = Release|Win32
		{FA340982-0D26-4DA0-8664-209A6F0E830D}.Release|x86.Build.0 = Release|Win32
		{E9F8F14E-CAB7-4181-9C9A-D041E9673CFC}.Debug|x64.ActiveCfg = Debug|x64
		{E9F8F14E-CAB7-4181-9C9A-D041E9673CFC}.Debug|x64.Build.0 = Debug|x64
		{E9F8F14E-CAB7-4181-9C9A-D041E9673CFC}.Debug|x86.ActiveCfg = Debug|Win32
		{E9F8F14E-CAB7-4181-9C9A-D041E9673CFC}.Debug|x86.Build.0 = Debug|Win32
		{E9F8F14E-CAB7-4181-9C9A-D041E9673CFC}.Release|x64.ActiveCfg = Release|x64
		{E9F8F14E-CAB7-4181-9C9A-D041E9673CFC}.Release|x64.Build.0 = Release|x64
		{E9F8F14E-CAB7-4181-9C9A-D041E9673CFC}.Release|x86.ActiveCfg = Release|Win32
		{E9F8F14E-CAB7-4181-9C9A-D041E9673CFC}.Release|x86.Build.0 = Release|Win32
		{2B0E1956-A4B4-423B-85D1-B3268FC76496}.Debug|x64.ActiveCfg = Debug|x64
		{2B0E1956-A4B4-423B-85D1-B3268FC76496}.Debug|x64.Build.0 = Debug|x64
		{2B0E1956-A4B4-423B-85D1-B3268FC76496}.Debug|x86.ActiveCfg = Debug|Win32
		{2B0E1956-A4B4-423B-85D1-B3268FC76496}.Debug|x86.Build.0 = Debug|Win32
		{2B0E1956-A4B4-423B-85D1-B3268FC76496}.Release|x64.ActiveCfg = Release|x64
		{2B0E1956-A4B4-423B-85D1-B3268FC76496}.Release|x64.Build.0 = Release|x64
		{2B0E1956-A4B4-423B-85D1-B3268FC76496}.Release|x86.ActiveCfg = Release|Win32
		{2B0E1956-A4B4-423B-85D1-B3268FC76496}.Release|x86.Build.0 = Release|Win32
		{E20B2A54-3D6E-46C6-8952-228E07C41424}.Debug|x64.ActiveCfg = Debug|x64
		{E20B2A54-3D6E-46C6-8952-228E07C41424}.Debug|x64.Build.0 = Debug|x64
		{E20B2A54-3D6E-46C6-8952-228E07C41424}.Debug|x86.ActiveCfg = Debug|Win32
		{E20B2A54-3D6E-46C6-8952-228E07C41424}.Debug|x86.Build.0 = Debug|Win32
		{E20B2A54-3D6E-46C6-8952-228E07C41424}.Release|x64.ActiveCfg = Release|x64
		{E20B2A54-3D6E-46C6-8952-228E07C41424}.Release|x64.Build.0 = Release|x64
		{E20B2A54-3D6E-46C6-8952-228E07C41424}.Release|x86.ActiveCfg = Release|Win32
		{E20B2A54-3D6E-46C6-8952-228E07C41424}.Release|x86.Build.0 = Release|Win32
		{1764A01A-DA99-432A-81B6-51B24CFB46B5}.Debug|x64.ActiveCfg = Debug|x64
		{1764A01A-DA99-432A-81B6-51B24CFB46B5}.Debug|x64.Build.0 = Debug|x64
		{1764A01A-DA99-432A-81B6-51B24CFB46B5}.Debug|x86.ActiveCfg = Debug|Win32
		{1764A01A-DA99-432A-81B6-51B24CFB46B5}.Debug|x86.Build.0 = Debug|Win32
		{1764A01A-DA99-432A-81B6-51B24CFB46B5}.Release|x64.ActiveCfg = Release|x64
		{1764A01A-DA99-432A-81B6-51B24CFB46B5}.Release|x64.Build.0 = Release|x64
		{1764A01A-DA99-432A-81B6-51B24CFB46B5}.Release|x86.ActiveCfg = Release|Win32
		{1764A01A-DA99-432A-81B6-51B24CFB46B5}.Release|x86.Build.0 = Release|Win32
		{97C66F7E-9576-4787-9BB6-FF921C22F8AE}.Debug|x64.ActiveCfg = Debug|x64
		{97C66F7E-9576-4787-9BB6-FF921C22F8AE}.Debug|x64.Build.0 = Debug|x64
		{97C66F7E-9576-4787-9BB6-FF921C22F8AE}.Debug|x86.ActiveCfg = Debug|Win32
		{97C66F7E-9576-4787-9BB6-FF921C22F8AE}.Debug|x86.Build.0 = Debug|Win32
		{97C66F7E-9576-4787-9BB6-FF921C22F8AE}.Release|x64.ActiveCfg = Release|x64
		{97C66F7E-9576-4787-9BB6-FF921C22F8AE}.Release|x64.Build.0 = Release|x64
		{97C66F7E-9576-4787-9BB6-FF921C22F8AE}.Release|x86.ActiveCfg = Release|Win32
		{97C66F7E-9576-4787-9BB6-FF921C22F8AE}.Release|x86.Build.0 = Release|Win32
	EndGlobalSection
	GlobalSection(SolutionProperties) = preSolution
		HideSolutionNode = FALSE
	EndGlobalSection
	GlobalSection(ExtensibilityGlobals) = postSolution
		SolutionGuid = {D07636C8-61E0-4EE2-8A90-2B47B673033E}
	EndGlobalSection
EndGlobal
